
Microsoft Visual Studio Solution File, Format Version 12.00
# Visual Studio Version 16
VisualStudioVersion = 16.0.28803.452
MinimumVisualStudioVersion = 10.0.40219.1
Project("{8BC9CEB8-8B4A-11D0-8D11-00A0C91BC942}") = "Heap", "Heap.vcxproj", "{C0B5F00B-1D2F-44EA-B0FC-28E9FFFFEE3A}"
EndProject
Global
	GlobalSection(SolutionConfigurationPlatforms) = preSolution
		Debug|x64 = Debug|x64
		Debug|x86 = Debug|x86
		Release|x64 = Release|x64
		Release|x86 = Release|x86
	EndGlobalSection
	GlobalSection(ProjectConfigurationPlatforms) = postSolution
		{C0B5F00B-1D2F-44EA-B0FC-28E9FFFFEE3A}.Debug|x64.ActiveCfg = Debug|x64
		{C0B5F00B-1D2F-44EA-B0FC-28E9FFFFEE3A}.Debug|x64.Build.0 = Debug|x64
		{C0B5F00B-1D2F-44EA-B0FC-28E9FFFFEE3A}.Debug|x86.ActiveCfg = Debug|Win32
		{C0B5F00B-1D2F-44EA-B0FC-28E9FFFFEE3A}.Debug|x86.Build.0 = Debug|Win32
		{C0B5F00B-1D2F-44EA-B0FC-28E9FFFFEE3A}.Release|x64.ActiveCfg = Release|x64
		{C0B5F00B-1D2F-44EA-B0FC-28E9FFFFEE3A}.Release|x64.Build.0 = Release|x64
		{C0B5F00B-1D2F-44EA-B0FC-28E9FFFFEE3A}.Release|x86.ActiveCfg = Release|Win32
		{C0B5F00B-1D2F-44EA-B0FC-28E9FFFFEE3A}.Release|x86.Build.0 = Release|Win32
	EndGlobalSection
	GlobalSection(SolutionProperties) = preSolution
		HideSolutionNode = FALSE
	EndGlobalSection
	GlobalSection(ExtensibilityGlobals) = postSolution
		SolutionGuid = {11E048DE-84FE-44E4-BA30-1772347FCCCF}
	EndGlobalSection
EndGlobal
